// !$*UTF8*$!
{
	archiveVersion = 1;
	classes = {
	};
	objectVersion = 55;
	objects = {

/* Begin PBXBuildFile section */
		B415135128085F3200856F14 /* AppDelegate.swift in Sources */ = {isa = PBXBuildFile; fileRef = B415135028085F3200856F14 /* AppDelegate.swift */; };
		B415135328085F3200856F14 /* SceneDelegate.swift in Sources */ = {isa = PBXBuildFile; fileRef = B415135228085F3200856F14 /* SceneDelegate.swift */; };
		B415135528085F3200856F14 /* ViewController.swift in Sources */ = {isa = PBXBuildFile; fileRef = B415135428085F3200856F14 /* ViewController.swift */; };
		B415135828085F3200856F14 /* Main.storyboard in Resources */ = {isa = PBXBuildFile; fileRef = B415135628085F3200856F14 /* Main.storyboard */; };
		B415135A28085F3400856F14 /* Assets.xcassets in Resources */ = {isa = PBXBuildFile; fileRef = B415135928085F3400856F14 /* Assets.xcassets */; };
		B415135D28085F3400856F14 /* LaunchScreen.storyboard in Resources */ = {isa = PBXBuildFile; fileRef = B415135B28085F3400856F14 /* LaunchScreen.storyboard */; };
		B415136D280871EF00856F14 /* RegistrationViewController.swift in Sources */ = {isa = PBXBuildFile; fileRef = B415136C280871EF00856F14 /* RegistrationViewController.swift */; };
		B459F6CB2816FEDA00EC50E8 /* (null) in Embed Frameworks */ = {isa = PBXBuildFile; settings = {ATTRIBUTES = (CodeSignOnCopy, RemoveHeadersOnCopy, ); }; };
		B462BA262819981600C5174E /* QuizMenuViewController.swift in Sources */ = {isa = PBXBuildFile; fileRef = B462BA252819981600C5174E /* QuizMenuViewController.swift */; };
		B462BA2C28199F7900C5174E /* SQLite in Frameworks */ = {isa = PBXBuildFile; productRef = B462BA2B28199F7900C5174E /* SQLite */; settings = {ATTRIBUTES = (Required, ); }; };
		B48200BB2814979300A98255 /* GoogleService-Info.plist in Resources */ = {isa = PBXBuildFile; fileRef = B48200BA2814979300A98255 /* GoogleService-Info.plist */; };
		B48FD8FC2816F278009FCFD1 /* (null) in Embed Frameworks */ = {isa = PBXBuildFile; settings = {ATTRIBUTES = (CodeSignOnCopy, RemoveHeadersOnCopy, ); }; };
		B4B55FAA2816FADA00AEE6CF /* (null) in Embed Frameworks */ = {isa = PBXBuildFile; settings = {ATTRIBUTES = (CodeSignOnCopy, RemoveHeadersOnCopy, ); }; };
/* End PBXBuildFile section */

/* Begin PBXCopyFilesBuildPhase section */
		B48FD8F62816EEE5009FCFD1 /* Embed Frameworks */ = {
			isa = PBXCopyFilesBuildPhase;
			buildActionMask = 2147483647;
			dstPath = "";
			dstSubfolderSpec = 10;
			files = (
				B459F6CB2816FEDA00EC50E8 /* (null) in Embed Frameworks */,
				B4B55FAA2816FADA00AEE6CF /* (null) in Embed Frameworks */,
				B48FD8FC2816F278009FCFD1 /* (null) in Embed Frameworks */,
			);
			name = "Embed Frameworks";
			runOnlyForDeploymentPostprocessing = 0;
		};
/* End PBXCopyFilesBuildPhase section */

/* Begin PBXFileReference section */
		B415134D28085F3200856F14 /* Efe's Quiz.app */ = {isa = PBXFileReference; explicitFileType = wrapper.application; includeInIndex = 0; path = "Efe's Quiz.app"; sourceTree = BUILT_PRODUCTS_DIR; };
		B415135028085F3200856F14 /* AppDelegate.swift */ = {isa = PBXFileReference; lastKnownFileType = sourcecode.swift; path = AppDelegate.swift; sourceTree = "<group>"; };
		B415135228085F3200856F14 /* SceneDelegate.swift */ = {isa = PBXFileReference; lastKnownFileType = sourcecode.swift; path = SceneDelegate.swift; sourceTree = "<group>"; };
		B415135428085F3200856F14 /* ViewController.swift */ = {isa = PBXFileReference; lastKnownFileType = sourcecode.swift; path = ViewController.swift; sourceTree = "<group>"; };
		B415135728085F3200856F14 /* Base */ = {isa = PBXFileReference; lastKnownFileType = file.storyboard; name = Base; path = Base.lproj/Main.storyboard; sourceTree = "<group>"; };
		B415135928085F3400856F14 /* Assets.xcassets */ = {isa = PBXFileReference; lastKnownFileType = folder.assetcatalog; path = Assets.xcassets; sourceTree = "<group>"; };
		B415135C28085F3400856F14 /* Base */ = {isa = PBXFileReference; lastKnownFileType = file.storyboard; name = Base; path = Base.lproj/LaunchScreen.storyboard; sourceTree = "<group>"; };
		B415135E28085F3400856F14 /* Info.plist */ = {isa = PBXFileReference; lastKnownFileType = text.plist.xml; path = Info.plist; sourceTree = "<group>"; };
		B415136C280871EF00856F14 /* RegistrationViewController.swift */ = {isa = PBXFileReference; lastKnownFileType = sourcecode.swift; name = RegistrationViewController.swift; path = "Efe's Quiz/RegistrationViewController.swift"; sourceTree = SOURCE_ROOT; };
		B462BA252819981600C5174E /* QuizMenuViewController.swift */ = {isa = PBXFileReference; lastKnownFileType = sourcecode.swift; path = QuizMenuViewController.swift; sourceTree = "<group>"; };
		B48200BA2814979300A98255 /* GoogleService-Info.plist */ = {isa = PBXFileReference; fileEncoding = 4; lastKnownFileType = text.plist.xml; path = "GoogleService-Info.plist"; sourceTree = "<group>"; };
		B48FD8E62816EDA8009FCFD1 /* FirebaseCore.framework */ = {isa = PBXFileReference; explicitFileType = wrapper.framework; path = FirebaseCore.framework; sourceTree = BUILT_PRODUCTS_DIR; };
/* End PBXFileReference section */

/* Begin PBXFrameworksBuildPhase section */
		B415134A28085F3200856F14 /* Frameworks */ = {
			isa = PBXFrameworksBuildPhase;
			buildActionMask = 2147483647;
			files = (
				B462BA2C28199F7900C5174E /* SQLite in Frameworks */,
			);
			runOnlyForDeploymentPostprocessing = 0;
		};
/* End PBXFrameworksBuildPhase section */

/* Begin PBXGroup section */
		188E2A04EEEBF6F85204DA4F /* Pods */ = {
			isa = PBXGroup;
			children = (
			);
			path = Pods;
			sourceTree = "<group>";
		};
		B415134428085F3200856F14 = {
			isa = PBXGroup;
			children = (
				B415134F28085F3200856F14 /* Efe's Quiz */,
				B415134E28085F3200856F14 /* Products */,
				188E2A04EEEBF6F85204DA4F /* Pods */,
				D1E6B1A7FCC5AFF84CB22673 /* Frameworks */,
			);
			sourceTree = "<group>";
		};
		B415134E28085F3200856F14 /* Products */ = {
			isa = PBXGroup;
			children = (
				B415134D28085F3200856F14 /* Efe's Quiz.app */,
			);
			name = Products;
			sourceTree = "<group>";
		};
		B415134F28085F3200856F14 /* Efe's Quiz */ = {
			isa = PBXGroup;
			children = (
				B415135028085F3200856F14 /* AppDelegate.swift */,
				B415135228085F3200856F14 /* SceneDelegate.swift */,
				B415136728085F8800856F14 /* Quizes */,
				B415136428085F3F00856F14 /* Menu */,
				B415136528085F5B00856F14 /* Registration */,
				B415136628085F6B00856F14 /* QuizMenu */,
				B415135628085F3200856F14 /* Main.storyboard */,
				B415135928085F3400856F14 /* Assets.xcassets */,
				B415135B28085F3400856F14 /* LaunchScreen.storyboard */,
				B48200BA2814979300A98255 /* GoogleService-Info.plist */,
				B415135E28085F3400856F14 /* Info.plist */,
			);
			path = "Efe's Quiz";
			sourceTree = "<group>";
		};
		B415136428085F3F00856F14 /* Menu */ = {
			isa = PBXGroup;
			children = (
				B415135428085F3200856F14 /* ViewController.swift */,
			);
			path = Menu;
			sourceTree = "<group>";
		};
		B415136528085F5B00856F14 /* Registration */ = {
			isa = PBXGroup;
			children = (
				B415136C280871EF00856F14 /* RegistrationViewController.swift */,
			);
			path = Registration;
			sourceTree = "<group>";
		};
		B415136628085F6B00856F14 /* QuizMenu */ = {
			isa = PBXGroup;
			children = (
				B462BA252819981600C5174E /* QuizMenuViewController.swift */,
				B41513682808605E00856F14 /* QuizStarted */,
			);
			path = QuizMenu;
			sourceTree = "<group>";
		};
		B415136728085F8800856F14 /* Quizes */ = {
			isa = PBXGroup;
			children = (
			);
			path = Quizes;
			sourceTree = "<group>";
		};
		B41513682808605E00856F14 /* QuizStarted */ = {
			isa = PBXGroup;
			children = (
				B41513692808608100856F14 /* Result */,
			);
			path = QuizStarted;
			sourceTree = "<group>";
		};
		B41513692808608100856F14 /* Result */ = {
			isa = PBXGroup;
			children = (
			);
			path = Result;
			sourceTree = "<group>";
		};
		D1E6B1A7FCC5AFF84CB22673 /* Frameworks */ = {
			isa = PBXGroup;
			children = (
				B48FD8E62816EDA8009FCFD1 /* FirebaseCore.framework */,
			);
			name = Frameworks;
			sourceTree = "<group>";
		};
/* End PBXGroup section */

/* Begin PBXNativeTarget section */
		B415134C28085F3200856F14 /* Efe's Quiz */ = {
			isa = PBXNativeTarget;
			buildConfigurationList = B415136128085F3400856F14 /* Build configuration list for PBXNativeTarget "Efe's Quiz" */;
			buildPhases = (
				B415134928085F3200856F14 /* Sources */,
				B415134A28085F3200856F14 /* Frameworks */,
				B415134B28085F3200856F14 /* Resources */,
				B48FD8F62816EEE5009FCFD1 /* Embed Frameworks */,
				B48FD8FA2816F03C009FCFD1 /* ShellScript */,
			);
			buildRules = (
			);
			dependencies = (
			);
			name = "Efe's Quiz";
			packageProductDependencies = (
				B462BA2B28199F7900C5174E /* SQLite */,
			);
			productName = "Efe's Quiz";
			productReference = B415134D28085F3200856F14 /* Efe's Quiz.app */;
			productType = "com.apple.product-type.application";
		};
/* End PBXNativeTarget section */

/* Begin PBXProject section */
		B415134528085F3200856F14 /* Project object */ = {
			isa = PBXProject;
			attributes = {
				BuildIndependentTargetsInParallel = 1;
				LastSwiftUpdateCheck = 1330;
				LastUpgradeCheck = 1330;
				TargetAttributes = {
					B415134C28085F3200856F14 = {
						CreatedOnToolsVersion = 13.3.1;
					};
				};
			};
			buildConfigurationList = B415134828085F3200856F14 /* Build configuration list for PBXProject "Efe's Quiz" */;
			compatibilityVersion = "Xcode 13.0";
			developmentRegion = en;
			hasScannedForEncodings = 0;
			knownRegions = (
				en,
				Base,
			);
			mainGroup = B415134428085F3200856F14;
			packageReferences = (
				B462BA2A28199F7900C5174E /* XCRemoteSwiftPackageReference "SQLite.swift" */,
			);
			productRefGroup = B415134E28085F3200856F14 /* Products */;
			projectDirPath = "";
			projectRoot = "";
			targets = (
				B415134C28085F3200856F14 /* Efe's Quiz */,
			);
		};
/* End PBXProject section */

/* Begin PBXResourcesBuildPhase section */
		B415134B28085F3200856F14 /* Resources */ = {
			isa = PBXResourcesBuildPhase;
			buildActionMask = 2147483647;
			files = (
				B415135D28085F3400856F14 /* LaunchScreen.storyboard in Resources */,
				B48200BB2814979300A98255 /* GoogleService-Info.plist in Resources */,
				B415135A28085F3400856F14 /* Assets.xcassets in Resources */,
				B415135828085F3200856F14 /* Main.storyboard in Resources */,
			);
			runOnlyForDeploymentPostprocessing = 0;
		};
/* End PBXResourcesBuildPhase section */

/* Begin PBXShellScriptBuildPhase section */
		B48FD8FA2816F03C009FCFD1 /* ShellScript */ = {
			isa = PBXShellScriptBuildPhase;
			buildActionMask = 2147483647;
			files = (
			);
			inputFileListPaths = (
			);
			inputPaths = (
			);
			outputFileListPaths = (
			);
			outputPaths = (
			);
			runOnlyForDeploymentPostprocessing = 0;
			shellPath = /bin/sh;
			shellScript = "# Type a script or drag a script file from your workspace to insert its path.\n";
		};
/* End PBXShellScriptBuildPhase section */

/* Begin PBXSourcesBuildPhase section */
		B415134928085F3200856F14 /* Sources */ = {
			isa = PBXSourcesBuildPhase;
			buildActionMask = 2147483647;
			files = (
				B415135528085F3200856F14 /* ViewController.swift in Sources */,
				B415135128085F3200856F14 /* AppDelegate.swift in Sources */,
				B415136D280871EF00856F14 /* RegistrationViewController.swift in Sources */,
				B415135328085F3200856F14 /* SceneDelegate.swift in Sources */,
				B462BA262819981600C5174E /* QuizMenuViewController.swift in Sources */,
			);
			runOnlyForDeploymentPostprocessing = 0;
		};
/* End PBXSourcesBuildPhase section */

/* Begin PBXVariantGroup section */
		B415135628085F3200856F14 /* Main.storyboard */ = {
			isa = PBXVariantGroup;
			children = (
				B415135728085F3200856F14 /* Base */,
			);
			name = Main.storyboard;
			sourceTree = "<group>";
		};
		B415135B28085F3400856F14 /* LaunchScreen.storyboard */ = {
			isa = PBXVariantGroup;
			children = (
				B415135C28085F3400856F14 /* Base */,
			);
			name = LaunchScreen.storyboard;
			sourceTree = "<group>";
		};
/* End PBXVariantGroup section */

/* Begin XCBuildConfiguration section */
		B415135F28085F3400856F14 /* Debug */ = {
			isa = XCBuildConfiguration;
			buildSettings = {
				ALWAYS_SEARCH_USER_PATHS = NO;
				CLANG_ANALYZER_NONNULL = YES;
				CLANG_ANALYZER_NUMBER_OBJECT_CONVERSION = YES_AGGRESSIVE;
				CLANG_CXX_LANGUAGE_STANDARD = "gnu++17";
				CLANG_ENABLE_MODULES = YES;
				CLANG_ENABLE_OBJC_ARC = YES;
				CLANG_ENABLE_OBJC_WEAK = YES;
				CLANG_WARN_BLOCK_CAPTURE_AUTORELEASING = YES;
				CLANG_WARN_BOOL_CONVERSION = YES;
				CLANG_WARN_COMMA = YES;
				CLANG_WARN_CONSTANT_CONVERSION = YES;
				CLANG_WARN_DEPRECATED_OBJC_IMPLEMENTATIONS = YES;
				CLANG_WARN_DIRECT_OBJC_ISA_USAGE = YES_ERROR;
				CLANG_WARN_DOCUMENTATION_COMMENTS = YES;
				CLANG_WARN_EMPTY_BODY = YES;
				CLANG_WARN_ENUM_CONVERSION = YES;
				CLANG_WARN_INFINITE_RECURSION = YES;
				CLANG_WARN_INT_CONVERSION = YES;
				CLANG_WARN_NON_LITERAL_NULL_CONVERSION = YES;
				CLANG_WARN_OBJC_IMPLICIT_RETAIN_SELF = YES;
				CLANG_WARN_OBJC_LITERAL_CONVERSION = YES;
				CLANG_WARN_OBJC_ROOT_CLASS = YES_ERROR;
				CLANG_WARN_QUOTED_INCLUDE_IN_FRAMEWORK_HEADER = YES;
				CLANG_WARN_RANGE_LOOP_ANALYSIS = YES;
				CLANG_WARN_STRICT_PROTOTYPES = YES;
				CLANG_WARN_SUSPICIOUS_MOVE = YES;
				CLANG_WARN_UNGUARDED_AVAILABILITY = YES_AGGRESSIVE;
				CLANG_WARN_UNREACHABLE_CODE = YES;
				CLANG_WARN__DUPLICATE_METHOD_MATCH = YES;
				COPY_PHASE_STRIP = NO;
				DEBUG_INFORMATION_FORMAT = dwarf;
				ENABLE_STRICT_OBJC_MSGSEND = YES;
				ENABLE_TESTABILITY = YES;
				GCC_C_LANGUAGE_STANDARD = gnu11;
				GCC_DYNAMIC_NO_PIC = NO;
				GCC_NO_COMMON_BLOCKS = YES;
				GCC_OPTIMIZATION_LEVEL = 0;
				GCC_PREPROCESSOR_DEFINITIONS = (
					"DEBUG=1",
					"$(inherited)",
				);
				GCC_WARN_64_TO_32_BIT_CONVERSION = YES;
				GCC_WARN_ABOUT_RETURN_TYPE = YES_ERROR;
				GCC_WARN_UNDECLARED_SELECTOR = YES;
				GCC_WARN_UNINITIALIZED_AUTOS = YES_AGGRESSIVE;
				GCC_WARN_UNUSED_FUNCTION = YES;
				GCC_WARN_UNUSED_VARIABLE = YES;
				IPHONEOS_DEPLOYMENT_TARGET = 15.4;
				MTL_ENABLE_DEBUG_INFO = INCLUDE_SOURCE;
				MTL_FAST_MATH = YES;
				ONLY_ACTIVE_ARCH = YES;
				SDKROOT = iphoneos;
				SWIFT_ACTIVE_COMPILATION_CONDITIONS = DEBUG;
				SWIFT_OPTIMIZATION_LEVEL = "-Onone";
			};
			name = Debug;
		};
		B415136028085F3400856F14 /* Release */ = {
			isa = XCBuildConfiguration;
			buildSettings = {
				ALWAYS_SEARCH_USER_PATHS = NO;
				CLANG_ANALYZER_NONNULL = YES;
				CLANG_ANALYZER_NUMBER_OBJECT_CONVERSION = YES_AGGRESSIVE;
				CLANG_CXX_LANGUAGE_STANDARD = "gnu++17";
				CLANG_ENABLE_MODULES = YES;
				CLANG_ENABLE_OBJC_ARC = YES;
				CLANG_ENABLE_OBJC_WEAK = YES;
				CLANG_WARN_BLOCK_CAPTURE_AUTORELEASING = YES;
				CLANG_WARN_BOOL_CONVERSION = YES;
				CLANG_WARN_COMMA = YES;
				CLANG_WARN_CONSTANT_CONVERSION = YES;
				CLANG_WARN_DEPRECATED_OBJC_IMPLEMENTATIONS = YES;
				CLANG_WARN_DIRECT_OBJC_ISA_USAGE = YES_ERROR;
				CLANG_WARN_DOCUMENTATION_COMMENTS = YES;
				CLANG_WARN_EMPTY_BODY = YES;
				CLANG_WARN_ENUM_CONVERSION = YES;
				CLANG_WARN_INFINITE_RECURSION = YES;
				CLANG_WARN_INT_CONVERSION = YES;
				CLANG_WARN_NON_LITERAL_NULL_CONVERSION = YES;
				CLANG_WARN_OBJC_IMPLICIT_RETAIN_SELF = YES;
				CLANG_WARN_OBJC_LITERAL_CONVERSION = YES;
				CLANG_WARN_OBJC_ROOT_CLASS = YES_ERROR;
				CLANG_WARN_QUOTED_INCLUDE_IN_FRAMEWORK_HEADER = YES;
				CLANG_WARN_RANGE_LOOP_ANALYSIS = YES;
				CLANG_WARN_STRICT_PROTOTYPES = YES;
				CLANG_WARN_SUSPICIOUS_MOVE = YES;
				CLANG_WARN_UNGUARDED_AVAILABILITY = YES_AGGRESSIVE;
				CLANG_WARN_UNREACHABLE_CODE = YES;
				CLANG_WARN__DUPLICATE_METHOD_MATCH = YES;
				COPY_PHASE_STRIP = NO;
				DEBUG_INFORMATION_FORMAT = "dwarf-with-dsym";
				ENABLE_NS_ASSERTIONS = NO;
				ENABLE_STRICT_OBJC_MSGSEND = YES;
				GCC_C_LANGUAGE_STANDARD = gnu11;
				GCC_NO_COMMON_BLOCKS = YES;
				GCC_WARN_64_TO_32_BIT_CONVERSION = YES;
				GCC_WARN_ABOUT_RETURN_TYPE = YES_ERROR;
				GCC_WARN_UNDECLARED_SELECTOR = YES;
				GCC_WARN_UNINITIALIZED_AUTOS = YES_AGGRESSIVE;
				GCC_WARN_UNUSED_FUNCTION = YES;
				GCC_WARN_UNUSED_VARIABLE = YES;
				IPHONEOS_DEPLOYMENT_TARGET = 15.4;
				MTL_ENABLE_DEBUG_INFO = NO;
				MTL_FAST_MATH = YES;
				SDKROOT = iphoneos;
				SWIFT_COMPILATION_MODE = wholemodule;
				SWIFT_OPTIMIZATION_LEVEL = "-O";
				VALIDATE_PRODUCT = YES;
			};
			name = Release;
		};
		B415136228085F3400856F14 /* Debug */ = {
			isa = XCBuildConfiguration;
			buildSettings = {
				ASSETCATALOG_COMPILER_APPICON_NAME = AppIcon;
				ASSETCATALOG_COMPILER_GLOBAL_ACCENT_COLOR_NAME = AccentColor;
				CODE_SIGN_STYLE = Automatic;
				CURRENT_PROJECT_VERSION = 1;
				DEVELOPMENT_TEAM = 8YWRL64VCF;
				GENERATE_INFOPLIST_FILE = YES;
				INFOPLIST_FILE = "Efe's Quiz/Info.plist";
				INFOPLIST_KEY_UIApplicationSupportsIndirectInputEvents = YES;
				INFOPLIST_KEY_UILaunchStoryboardName = LaunchScreen;
				INFOPLIST_KEY_UIMainStoryboardFile = Main;
				INFOPLIST_KEY_UISupportedInterfaceOrientations_iPad = "UIInterfaceOrientationPortrait UIInterfaceOrientationPortraitUpsideDown UIInterfaceOrientationLandscapeLeft UIInterfaceOrientationLandscapeRight";
				INFOPLIST_KEY_UISupportedInterfaceOrientations_iPhone = "UIInterfaceOrientationPortrait UIInterfaceOrientationLandscapeLeft UIInterfaceOrientationLandscapeRight";
				LD_RUNPATH_SEARCH_PATHS = (
					"$(inherited)",
					"@executable_path/Frameworks",
				);
				MARKETING_VERSION = 1.0;
				PRODUCT_BUNDLE_IDENTIFIER = "EfeAdzhar.Efe-s-Quiz";
				PRODUCT_NAME = "$(TARGET_NAME)";
				SWIFT_EMIT_LOC_STRINGS = YES;
				SWIFT_VERSION = 5.0;
				TARGETED_DEVICE_FAMILY = "1,2";
			};
			name = Debug;
		};
		B415136328085F3400856F14 /* Release */ = {
			isa = XCBuildConfiguration;
			buildSettings = {
				ASSETCATALOG_COMPILER_APPICON_NAME = AppIcon;
				ASSETCATALOG_COMPILER_GLOBAL_ACCENT_COLOR_NAME = AccentColor;
				CODE_SIGN_STYLE = Automatic;
				CURRENT_PROJECT_VERSION = 1;
				DEVELOPMENT_TEAM = 8YWRL64VCF;
				GENERATE_INFOPLIST_FILE = YES;
				INFOPLIST_FILE = "Efe's Quiz/Info.plist";
				INFOPLIST_KEY_UIApplicationSupportsIndirectInputEvents = YES;
				INFOPLIST_KEY_UILaunchStoryboardName = LaunchScreen;
				INFOPLIST_KEY_UIMainStoryboardFile = Main;
				INFOPLIST_KEY_UISupportedInterfaceOrientations_iPad = "UIInterfaceOrientationPortrait UIInterfaceOrientationPortraitUpsideDown UIInterfaceOrientationLandscapeLeft UIInterfaceOrientationLandscapeRight";
				INFOPLIST_KEY_UISupportedInterfaceOrientations_iPhone = "UIInterfaceOrientationPortrait UIInterfaceOrientationLandscapeLeft UIInterfaceOrientationLandscapeRight";
				LD_RUNPATH_SEARCH_PATHS = (
					"$(inherited)",
					"@executable_path/Frameworks",
				);
				MARKETING_VERSION = 1.0;
				PRODUCT_BUNDLE_IDENTIFIER = "EfeAdzhar.Efe-s-Quiz";
				PRODUCT_NAME = "$(TARGET_NAME)";
				SWIFT_EMIT_LOC_STRINGS = YES;
				SWIFT_VERSION = 5.0;
				TARGETED_DEVICE_FAMILY = "1,2";
			};
			name = Release;
		};
/* End XCBuildConfiguration section */

/* Begin XCConfigurationList section */
		B415134828085F3200856F14 /* Build configuration list for PBXProject "Efe's Quiz" */ = {
			isa = XCConfigurationList;
			buildConfigurations = (
				B415135F28085F3400856F14 /* Debug */,
				B415136028085F3400856F14 /* Release */,
			);
			defaultConfigurationIsVisible = 0;
			defaultConfigurationName = Release;
		};
		B415136128085F3400856F14 /* Build configuration list for PBXNativeTarget "Efe's Quiz" */ = {
			isa = XCConfigurationList;
			buildConfigurations = (
				B415136228085F3400856F14 /* Debug */,
				B415136328085F3400856F14 /* Release */,
			);
			defaultConfigurationIsVisible = 0;
			defaultConfigurationName = Release;
		};
/* End XCConfigurationList section */

/* Begin XCRemoteSwiftPackageReference section */
		B462BA2A28199F7900C5174E /* XCRemoteSwiftPackageReference "SQLite.swift" */ = {
			isa = XCRemoteSwiftPackageReference;
			repositoryURL = "https://github.com/stephencelis/SQLite.swift.git";
			requirement = {
				branch = master;
				kind = branch;
			};
		};
/* End XCRemoteSwiftPackageReference section */

/* Begin XCSwiftPackageProductDependency section */
		B462BA2B28199F7900C5174E /* SQLite */ = {
			isa = XCSwiftPackageProductDependency;
			package = B462BA2A28199F7900C5174E /* XCRemoteSwiftPackageReference "SQLite.swift" */;
			productName = SQLite;
		};
/* End XCSwiftPackageProductDependency section */
	};
	rootObject = B415134528085F3200856F14 /* Project object */;
}
